{
  "name": "@antv/x6-plugin-history",
  "version": "2.2.4",
  "lockfileVersion": 3,
  "requires": true,
  "packages": {
    "": {
      "name": "@antv/x6-plugin-history",
      "version": "2.2.4",
      "license": "MIT",
      "devDependencies": {
        "@antv/x6": "../x6"
      },
      "peerDependencies": {
        "@antv/x6": "../x6"
      }
    },
    "../x6": {
      "version": "2.19.0",
      "dev": true,
      "license": "MIT",
      "dependencies": {
        "@antv/x6-common": "^2.0.16",
        "@antv/x6-geometry": "^2.0.5",
        "utility-types": "^3.10.0"
      }
    },
    "node_modules/@antv/x6": {
      "resolved": "../x6",
      "link": true
    }
  }
}
