{
  "name": "@antv/x6-plugin-snapline",
  "version": "2.1.7",
  "lockfileVersion": 3,
  "requires": true,
  "packages": {
    "": {
      "name": "@antv/x6-plugin-snapline",
      "version": "2.1.7",
      "license": "MIT"
    },
    "../../node_modules/.pnpm/@types+lodash@4.17.7/node_modules/@types/lodash": {
      "version": "4.17.7",
      "extraneous": true,
      "license": "MIT"
    },
    "../../node_modules/.pnpm/lodash@4.17.21/node_modules/lodash": {
      "version": "4.17.21",
      "extraneous": true,
      "license": "MIT"
    },
    "../../node_modules/.pnpm/utility-types@3.11.0/node_modules/utility-types": {
      "version": "3.11.0",
      "extraneous": true,
      "license": "MIT",
      "devDependencies": {
        "@types/jest": "24.0.22",
        "dts-jest": "23.0.0",
        "husky": "3.0.9",
        "jest": "24.9.0",
        "prettier": "1.19.0",
        "ts-jest": "24.1.0",
        "tslint": "5.20.1",
        "typescript": "3.7.2"
      },
      "engines": {
        "node": ">= 4"
      }
    },
    "../x6": {
      "name": "@antv/x6",
      "version": "2.19.0",
      "extraneous": true,
      "license": "MIT",
      "dependencies": {
        "@antv/x6-common": "file:..\\x6-common",
        "@antv/x6-geometry": "file:..\\x6-geometry",
        "utility-types": "^3.11.0"
      }
    },
    "../x6-common": {
      "name": "@antv/x6-common",
      "version": "2.0.17",
      "extraneous": true,
      "license": "MIT",
      "dependencies": {
        "lodash": "^4.17.7",
        "utility-types": "^3.11.0"
      },
      "devDependencies": {
        "@types/lodash": "^4.17.7"
      }
    },
    "../x6-geometry": {
      "name": "@antv/x6-geometry",
      "version": "2.0.5",
      "extraneous": true,
      "license": "MIT"
    }
  }
}
